// !$*UTF8*$!
{
	archiveVersion = 1;
	classes = {
	};
	objectVersion = 46;
	objects = {

/* Begin PBXBuildFile section */
		4B3B5F641D193AAA00576D6E /* JTAppleCalendar.framework in Frameworks */ = {isa = PBXBuildFile; fileRef = 4B3B5F631D193AAA00576D6E /* JTAppleCalendar.framework */; };
		4B3B5F651D193ACF00576D6E /* JTAppleCalendar.framework in Embed Frameworks */ = {isa = PBXBuildFile; fileRef = 4B3B5F631D193AAA00576D6E /* JTAppleCalendar.framework */; settings = {ATTRIBUTES = (CodeSignOnCopy, RemoveHeadersOnCopy, ); }; };
		4BE6F46C1D17E75800B91223 /* AppDelegate.swift in Sources */ = {isa = PBXBuildFile; fileRef = 4BE6F46B1D17E75800B91223 /* AppDelegate.swift */; };
		4BE6F46E1D17E75800B91223 /* ViewController.swift in Sources */ = {isa = PBXBuildFile; fileRef = 4BE6F46D1D17E75800B91223 /* ViewController.swift */; };
		4BE6F4711D17E75800B91223 /* Main.storyboard in Resources */ = {isa = PBXBuildFile; fileRef = 4BE6F46F1D17E75800B91223 /* Main.storyboard */; };
		4BE6F4731D17E75800B91223 /* Assets.xcassets in Resources */ = {isa = PBXBuildFile; fileRef = 4BE6F4721D17E75800B91223 /* Assets.xcassets */; };
		4BE6F4761D17E75800B91223 /* LaunchScreen.storyboard in Resources */ = {isa = PBXBuildFile; fileRef = 4BE6F4741D17E75800B91223 /* LaunchScreen.storyboard */; };
		4BE6F4841D17E7D700B91223 /* CellView.swift in Sources */ = {isa = PBXBuildFile; fileRef = 4BE6F4831D17E7D700B91223 /* CellView.swift */; };
		4BE6F4861D17E7FA00B91223 /* CellView.xib in Resources */ = {isa = PBXBuildFile; fileRef = 4BE6F4851D17E7FA00B91223 /* CellView.xib */; };
/* End PBXBuildFile section */

/* Begin PBXCopyFilesBuildPhase section */
		4BE6F4821D17E7B900B91223 /* Embed Frameworks */ = {
			isa = PBXCopyFilesBuildPhase;
			buildActionMask = 2147483647;
			dstPath = "";
			dstSubfolderSpec = 10;
			files = (
				4B3B5F651D193ACF00576D6E /* JTAppleCalendar.framework in Embed Frameworks */,
			);
			name = "Embed Frameworks";
			runOnlyForDeploymentPostprocessing = 0;
		};
/* End PBXCopyFilesBuildPhase section */

/* Begin PBXFileReference section */
		4B3B5F631D193AAA00576D6E /* JTAppleCalendar.framework */ = {isa = PBXFileReference; lastKnownFileType = wrapper.framework; name = JTAppleCalendar.framework; path = AnotherTestCalendar/JTAppleCalendar.framework; sourceTree = "<group>"; };
		4BE6F4681D17E75800B91223 /* AnotherTestCalendar.app */ = {isa = PBXFileReference; explicitFileType = wrapper.application; includeInIndex = 0; path = AnotherTestCalendar.app; sourceTree = BUILT_PRODUCTS_DIR; };
		4BE6F46B1D17E75800B91223 /* AppDelegate.swift */ = {isa = PBXFileReference; lastKnownFileType = sourcecode.swift; path = AppDelegate.swift; sourceTree = "<group>"; };
		4BE6F46D1D17E75800B91223 /* ViewController.swift */ = {isa = PBXFileReference; lastKnownFileType = sourcecode.swift; path = ViewController.swift; sourceTree = "<group>"; };
		4BE6F4701D17E75800B91223 /* Base */ = {isa = PBXFileReference; lastKnownFileType = file.storyboard; name = Base; path = Base.lproj/Main.storyboard; sourceTree = "<group>"; };
		4BE6F4721D17E75800B91223 /* Assets.xcassets */ = {isa = PBXFileReference; lastKnownFileType = folder.assetcatalog; path = Assets.xcassets; sourceTree = "<group>"; };
		4BE6F4751D17E75800B91223 /* Base */ = {isa = PBXFileReference; lastKnownFileType = file.storyboard; name = Base; path = Base.lproj/LaunchScreen.storyboard; sourceTree = "<group>"; };
		4BE6F4771D17E75800B91223 /* Info.plist */ = {isa = PBXFileReference; lastKnownFileType = text.plist.xml; path = Info.plist; sourceTree = "<group>"; };
		4BE6F4831D17E7D700B91223 /* CellView.swift */ = {isa = PBXFileReference; fileEncoding = 4; lastKnownFileType = sourcecode.swift; path = CellView.swift; sourceTree = "<group>"; };
		4BE6F4851D17E7FA00B91223 /* CellView.xib */ = {isa = PBXFileReference; fileEncoding = 4; lastKnownFileType = file.xib; path = CellView.xib; sourceTree = "<group>"; };
/* End PBXFileReference section */

/* Begin PBXFrameworksBuildPhase section */
		4BE6F4651D17E75800B91223 /* Frameworks */ = {
			isa = PBXFrameworksBuildPhase;
			buildActionMask = 2147483647;
			files = (
				4B3B5F641D193AAA00576D6E /* JTAppleCalendar.framework in Frameworks */,
			);
			runOnlyForDeploymentPostprocessing = 0;
		};
/* End PBXFrameworksBuildPhase section */

/* Begin PBXGroup section */
		4BE6F45F1D17E75800B91223 = {
			isa = PBXGroup;
			children = (
				4BE6F47D1D17E75E00B91223 /* Frameworks */,
				4BE6F46A1D17E75800B91223 /* AnotherTestCalendar */,
				4BE6F4691D17E75800B91223 /* Products */,
			);
			sourceTree = "<group>";
		};
		4BE6F4691D17E75800B91223 /* Products */ = {
			isa = PBXGroup;
			children = (
				4BE6F4681D17E75800B91223 /* AnotherTestCalendar.app */,
			);
			name = Products;
			sourceTree = "<group>";
		};
		4BE6F46A1D17E75800B91223 /* AnotherTestCalendar */ = {
			isa = PBXGroup;
			children = (
				4BE6F46B1D17E75800B91223 /* AppDelegate.swift */,
				4BE6F46D1D17E75800B91223 /* ViewController.swift */,
				4BE6F46F1D17E75800B91223 /* Main.storyboard */,
				4BE6F4721D17E75800B91223 /* Assets.xcassets */,
				4BE6F4741D17E75800B91223 /* LaunchScreen.storyboard */,
				4BE6F4771D17E75800B91223 /* Info.plist */,
				4BE6F4831D17E7D700B91223 /* CellView.swift */,
				4BE6F4851D17E7FA00B91223 /* CellView.xib */,
			);
			path = AnotherTestCalendar;
			sourceTree = "<group>";
		};
		4BE6F47D1D17E75E00B91223 /* Frameworks */ = {
			isa = PBXGroup;
			children = (
				4B3B5F631D193AAA00576D6E /* JTAppleCalendar.framework */,
			);
			name = Frameworks;
			sourceTree = "<group>";
		};
/* End PBXGroup section */

/* Begin PBXNativeTarget section */
		4BE6F4671D17E75800B91223 /* AnotherTestCalendar */ = {
			isa = PBXNativeTarget;
			buildConfigurationList = 4BE6F47A1D17E75800B91223 /* Build configuration list for PBXNativeTarget "AnotherTestCalendar" */;
			buildPhases = (
				4BE6F4651D17E75800B91223 /* Frameworks */,
				4BE6F4641D17E75800B91223 /* Sources */,
				4BE6F4661D17E75800B91223 /* Resources */,
				4BE6F4821D17E7B900B91223 /* Embed Frameworks */,
			);
			buildRules = (
			);
			dependencies = (
			);
			name = AnotherTestCalendar;
			productName = AnotherTestCalendar;
			productReference = 4BE6F4681D17E75800B91223 /* AnotherTestCalendar.app */;
			productType = "com.apple.product-type.application";
		};
/* End PBXNativeTarget section */

/* Begin PBXProject section */
		4BE6F4601D17E75800B91223 /* Project object */ = {
			isa = PBXProject;
			attributes = {
				LastSwiftUpdateCheck = 0730;
				LastUpgradeCheck = 0730;
				ORGANIZATIONNAME = "Jackie Zhang";
				TargetAttributes = {
					4BE6F4671D17E75800B91223 = {
						CreatedOnToolsVersion = 7.3;
					};
				};
			};
			buildConfigurationList = 4BE6F4631D17E75800B91223 /* Build configuration list for PBXProject "AnotherTestCalendar" */;
			compatibilityVersion = "Xcode 3.2";
			developmentRegion = English;
			hasScannedForEncodings = 0;
			knownRegions = (
				en,
				Base,
			);
			mainGroup = 4BE6F45F1D17E75800B91223;
			productRefGroup = 4BE6F4691D17E75800B91223 /* Products */;
			projectDirPath = "";
			projectRoot = "";
			targets = (
				4BE6F4671D17E75800B91223 /* AnotherTestCalendar */,
			);
		};
/* End PBXProject section */

/* Begin PBXResourcesBuildPhase section */
		4BE6F4661D17E75800B91223 /* Resources */ = {
			isa = PBXResourcesBuildPhase;
			buildActionMask = 2147483647;
			files = (
				4BE6F4861D17E7FA00B91223 /* CellView.xib in Resources */,
				4BE6F4761D17E75800B91223 /* LaunchScreen.storyboard in Resources */,
				4BE6F4731D17E75800B91223 /* Assets.xcassets in Resources */,
				4BE6F4711D17E75800B91223 /* Main.storyboard in Resources */,
			);
			runOnlyForDeploymentPostprocessing = 0;
		};
/* End PBXResourcesBuildPhase section */

/* Begin PBXSourcesBuildPhase section */
		4BE6F4641D17E75800B91223 /* Sources */ = {
			isa = PBXSourcesBuildPhase;
			buildActionMask = 2147483647;
			files = (
				4BE6F46E1D17E75800B91223 /* ViewController.swift in Sources */,
				4BE6F46C1D17E75800B91223 /* AppDelegate.swift in Sources */,
				4BE6F4841D17E7D700B91223 /* CellView.swift in Sources */,
			);
			runOnlyForDeploymentPostprocessing = 0;
		};
/* End PBXSourcesBuildPhase section */

/* Begin PBXVariantGroup section */
		4BE6F46F1D17E75800B91223 /* Main.storyboard */ = {
			isa = PBXVariantGroup;
			children = (
				4BE6F4701D17E75800B91223 /* Base */,
			);
			name = Main.storyboard;
			sourceTree = "<group>";
		};
		4BE6F4741D17E75800B91223 /* LaunchScreen.storyboard */ = {
			isa = PBXVariantGroup;
			children = (
				4BE6F4751D17E75800B91223 /* Base */,
			);
			name = LaunchScreen.storyboard;
			sourceTree = "<group>";
		};
/* End PBXVariantGroup section */

/* Begin XCBuildConfiguration section */
		4BE6F4781D17E75800B91223 /* Debug */ = {
			isa = XCBuildConfiguration;
			buildSettings = {
				ALWAYS_SEARCH_USER_PATHS = NO;
				CLANG_ANALYZER_NONNULL = YES;
				CLANG_CXX_LANGUAGE_STANDARD = "gnu++0x";
				CLANG_CXX_LIBRARY = "libc++";
				CLANG_ENABLE_MODULES = YES;
				CLANG_ENABLE_OBJC_ARC = YES;
				CLANG_WARN_BOOL_CONVERSION = YES;
				CLANG_WARN_CONSTANT_CONVERSION = YES;
				CLANG_WARN_DIRECT_OBJC_ISA_USAGE = YES_ERROR;
				CLANG_WARN_EMPTY_BODY = YES;
				CLANG_WARN_ENUM_CONVERSION = YES;
				CLANG_WARN_INT_CONVERSION = YES;
				CLANG_WARN_OBJC_ROOT_CLASS = YES_ERROR;
				CLANG_WARN_UNREACHABLE_CODE = YES;
				CLANG_WARN__DUPLICATE_METHOD_MATCH = YES;
				"CODE_SIGN_IDENTITY[sdk=iphoneos*]" = "iPhone Developer";
				COPY_PHASE_STRIP = NO;
				DEBUG_INFORMATION_FORMAT = dwarf;
				ENABLE_STRICT_OBJC_MSGSEND = YES;
				ENABLE_TESTABILITY = YES;
				GCC_C_LANGUAGE_STANDARD = gnu99;
				GCC_DYNAMIC_NO_PIC = NO;
				GCC_NO_COMMON_BLOCKS = YES;
				GCC_OPTIMIZATION_LEVEL = 0;
				GCC_PREPROCESSOR_DEFINITIONS = (
					"DEBUG=1",
					"$(inherited)",
				);
				GCC_WARN_64_TO_32_BIT_CONVERSION = YES;
				GCC_WARN_ABOUT_RETURN_TYPE = YES_ERROR;
				GCC_WARN_UNDECLARED_SELECTOR = YES;
				GCC_WARN_UNINITIALIZED_AUTOS = YES_AGGRESSIVE;
				GCC_WARN_UNUSED_FUNCTION = YES;
				GCC_WARN_UNUSED_VARIABLE = YES;
				IPHONEOS_DEPLOYMENT_TARGET = 9.3;
				MTL_ENABLE_DEBUG_INFO = YES;
				ONLY_ACTIVE_ARCH = YES;
				SDKROOT = iphoneos;
				SWIFT_OPTIMIZATION_LEVEL = "-Onone";
			};
			name = Debug;
		};
		4BE6F4791D17E75800B91223 /* Release */ = {
			isa = XCBuildConfiguration;
			buildSettings = {
				ALWAYS_SEARCH_USER_PATHS = NO;
				CLANG_ANALYZER_NONNULL = YES;
				CLANG_CXX_LANGUAGE_STANDARD = "gnu++0x";
				CLANG_CXX_LIBRARY = "libc++";
				CLANG_ENABLE_MODULES = YES;
				CLANG_ENABLE_OBJC_ARC = YES;
				CLANG_WARN_BOOL_CONVERSION = YES;
				CLANG_WARN_CONSTANT_CONVERSION = YES;
				CLANG_WARN_DIRECT_OBJC_ISA_USAGE = YES_ERROR;
				CLANG_WARN_EMPTY_BODY = YES;
				CLANG_WARN_ENUM_CONVERSION = YES;
				CLANG_WARN_INT_CONVERSION = YES;
				CLANG_WARN_OBJC_ROOT_CLASS = YES_ERROR;
				CLANG_WARN_UNREACHABLE_CODE = YES;
				CLANG_WARN__DUPLICATE_METHOD_MATCH = YES;
				"CODE_SIGN_IDENTITY[sdk=iphoneos*]" = "iPhone Developer";
				COPY_PHASE_STRIP = NO;
				DEBUG_INFORMATION_FORMAT = "dwarf-with-dsym";
				ENABLE_NS_ASSERTIONS = NO;
				ENABLE_STRICT_OBJC_MSGSEND = YES;
				GCC_C_LANGUAGE_STANDARD = gnu99;
				GCC_NO_COMMON_BLOCKS = YES;
				GCC_WARN_64_TO_32_BIT_CONVERSION = YES;
				GCC_WARN_ABOUT_RETURN_TYPE = YES_ERROR;
				GCC_WARN_UNDECLARED_SELECTOR = YES;
				GCC_WARN_UNINITIALIZED_AUTOS = YES_AGGRESSIVE;
				GCC_WARN_UNUSED_FUNCTION = YES;
				GCC_WARN_UNUSED_VARIABLE = YES;
				IPHONEOS_DEPLOYMENT_TARGET = 9.3;
				MTL_ENABLE_DEBUG_INFO = NO;
				SDKROOT = iphoneos;
				VALIDATE_PRODUCT = YES;
			};
			name = Release;
		};
		4BE6F47B1D17E75800B91223 /* Debug */ = {
			isa = XCBuildConfiguration;
			buildSettings = {
				ASSETCATALOG_COMPILER_APPICON_NAME = AppIcon;
				FRAMEWORK_SEARCH_PATHS = (
					"$(inherited)",
					"$(PROJECT_DIR)",
					"$(PROJECT_DIR)/AnotherTestCalendar",
				);
				INFOPLIST_FILE = AnotherTestCalendar/Info.plist;
				LD_RUNPATH_SEARCH_PATHS = "$(inherited) @executable_path/Frameworks";
				PRODUCT_BUNDLE_IDENTIFIER = com.jackiezhang.AnotherTestCalendar;
				PRODUCT_NAME = "$(TARGET_NAME)";
			};
			name = Debug;
		};
		4BE6F47C1D17E75800B91223 /* Release */ = {
			isa = XCBuildConfiguration;
			buildSettings = {
				ASSETCATALOG_COMPILER_APPICON_NAME = AppIcon;
				FRAMEWORK_SEARCH_PATHS = (
					"$(inherited)",
					"$(PROJECT_DIR)",
					"$(PROJECT_DIR)/AnotherTestCalendar",
				);
				INFOPLIST_FILE = AnotherTestCalendar/Info.plist;
				LD_RUNPATH_SEARCH_PATHS = "$(inherited) @executable_path/Frameworks";
				PRODUCT_BUNDLE_IDENTIFIER = com.jackiezhang.AnotherTestCalendar;
				PRODUCT_NAME = "$(TARGET_NAME)";
			};
			name = Release;
		};
/* End XCBuildConfiguration section */

/* Begin XCConfigurationList section */
		4BE6F4631D17E75800B91223 /* Build configuration list for PBXProject "AnotherTestCalendar" */ = {
			isa = XCConfigurationList;
			buildConfigurations = (
				4BE6F4781D17E75800B91223 /* Debug */,
				4BE6F4791D17E75800B91223 /* Release */,
			);
			defaultConfigurationIsVisible = 0;
			defaultConfigurationName = Release;
		};
		4BE6F47A1D17E75800B91223 /* Build configuration list for PBXNativeTarget "AnotherTestCalendar" */ = {
			isa = XCConfigurationList;
			buildConfigurations = (
				4BE6F47B1D17E75800B91223 /* Debug */,
				4BE6F47C1D17E75800B91223 /* Release */,
			);
			defaultConfigurationIsVisible = 0;
			defaultConfigurationName = Release;
		};
/* End XCConfigurationList section */
	};
	rootObject = 4BE6F4601D17E75800B91223 /* Project object */;
}
